{
  "nodes": {
    "agenix": {
      "inputs": {
        "nixpkgs": [
          "nixpkgs"
        ]
      },
      "locked": {
        "lastModified": 1638319138,
        "narHash": "sha256-ve33f4nTKQluyvm5URQwL019x0Fnrg8urqzvymNeD+s=",
        "owner": "ryantm",
        "repo": "agenix",
        "rev": "52ea2f8c3231cc2b5302fa28c63588aacb77ea29",
        "type": "github"
      },
      "original": {
        "owner": "ryantm",
        "repo": "agenix",
        "type": "github"
      }
    },
    "home-manager": {
      "inputs": {
        "nixpkgs": [
          "nixpkgs"
        ]
      },
      "locked": {
        "lastModified": 1638554279,
        "narHash": "sha256-o5m0JqGolzn73IKhn6MLp/y5EJG4L391eGobzgOZoJY=",
        "owner": "rycee",
        "repo": "home-manager",
        "rev": "1aaa1a033bae6c53773ad4374756ac72ba25b729",
        "type": "github"
      },
      "original": {
        "owner": "rycee",
        "ref": "master",
        "repo": "home-manager",
        "type": "github"
      }
    },
    "nixpkgs": {
      "locked": {
        "lastModified": 1638432899,
        "narHash": "sha256-iZ+rgyRx3JVyylXYxSyW01liDWEn+O8cKnin6cMzOFU=",
        "owner": "NixOS",
        "repo": "nixpkgs",
        "rev": "56cbe42f1668338d05febfbb866e32f2c865609a",
        "type": "github"
      },
      "original": {
        "owner": "NixOS",
        "ref": "nixpkgs-unstable",
        "repo": "nixpkgs",
        "type": "github"
      }
    },
    "root": {
      "inputs": {
        "agenix": "agenix",
        "home-manager": "home-manager",
        "nixpkgs": "nixpkgs"
      }
    }
  },
  "root": "root",
  "version": 7
}
