{
  "nodes": {
    "agenix": {
      "inputs": {
        "nixpkgs": [
          "nixpkgs"
        ]
      },
      "locked": {
        "lastModified": 1620877075,
        "narHash": "sha256-XvgTqtmQZHegu9UMDSR50gK5cHEM2gbnRH0qecmdN54=",
        "owner": "ryantm",
        "repo": "agenix",
        "rev": "e543aa7d68f222e1e771165da9e9a64b5bf7b3e3",
        "type": "github"
      },
      "original": {
        "owner": "ryantm",
        "repo": "agenix",
        "type": "github"
      }
    },
    "home-manager": {
      "inputs": {
        "nixpkgs": [
          "nixpkgs"
        ]
      },
      "locked": {
        "lastModified": 1624806645,
        "narHash": "sha256-f/UWLS34FUlsmL1YhOcpmGhdG808206qiz1MGJd3K1c=",
        "owner": "rycee",
        "repo": "home-manager",
        "rev": "2aeaf65e8f9219c1acdb47bcf278983b3170a344",
        "type": "github"
      },
      "original": {
        "owner": "rycee",
        "ref": "master",
        "repo": "home-manager",
        "type": "github"
      }
    },
    "nixpkgs": {
      "locked": {
        "lastModified": 1624831744,
        "narHash": "sha256-gGSxxnWnXRALLKfStsG3C4X+XUzAkHlKx02xHzkGZio=",
        "owner": "NixOS",
        "repo": "nixpkgs",
        "rev": "dbf5cd2d90cbf8b281c1938632b431d1e61d3249",
        "type": "github"
      },
      "original": {
        "id": "nixpkgs",
        "ref": "master",
        "type": "indirect"
      }
    },
    "root": {
      "inputs": {
        "agenix": "agenix",
        "home-manager": "home-manager",
        "nixpkgs": "nixpkgs"
      }
    }
  },
  "root": "root",
  "version": 7
}
